
Microsoft Visual Studio Solution File, Format Version 12.00
# Visual Studio 15
VisualStudioVersion = 15.0.27130.2036
MinimumVisualStudioVersion = 10.0.40219.1
Project("{FAE04EC0-301F-11D3-BF4B-00C04F79EFBC}") = "CreateInUseFileTree", "CreateInUseFileTree\CreateInUseFileTree.csproj", "{1C27979A-DEAB-43A9-9CFA-85169E1DA85C}"
EndProject
Global
	GlobalSection(SolutionConfigurationPlatforms) = preSolution
		Debug|Any CPU = Debug|Any CPU
		Release|Any CPU = Release|Any CPU
	EndGlobalSection
	GlobalSection(ProjectConfigurationPlatforms) = postSolution
		{1C27979A-DEAB-43A9-9CFA-85169E1DA85C}.Debug|Any CPU.ActiveCfg = Debug|Any CPU
		{1C27979A-DEAB-43A9-9CFA-85169E1DA85C}.Debug|Any CPU.Build.0 = Debug|Any CPU
		{1C27979A-DEAB-43A9-9CFA-85169E1DA85C}.Release|Any CPU.ActiveCfg = Release|Any CPU
		{1C27979A-DEAB-43A9-9CFA-85169E1DA85C}.Release|Any CPU.Build.0 = Release|Any CPU
	EndGlobalSection
	GlobalSection(SolutionProperties) = preSolution
		HideSolutionNode = FALSE
	EndGlobalSection
	GlobalSection(ExtensibilityGlobals) = postSolution
		SolutionGuid = {62F2E42C-D286-4DD7-8F0F-4FC485E9E3D4}
	EndGlobalSection
EndGlobal
